
Microsoft Visual Studio Solution File, Format Version 12.00
# Visual Studio Version 17
VisualStudioVersion = 17.14.36109.1 d17.14
MinimumVisualStudioVersion = 10.0.40219.1
Project("{F2A71F9B-5D33-465A-A702-920D77279786}") = "Lab3F", "Lab3F\Lab3F.fsproj", "{2E252E33-5370-42B7-9F2A-6E01E062041A}"
EndProject
Global
	GlobalSection(SolutionConfigurationPlatforms) = preSolution
		Debug|Any CPU = Debug|Any CPU
		Release|Any CPU = Release|Any CPU
	EndGlobalSection
	GlobalSection(ProjectConfigurationPlatforms) = postSolution
		{2E252E33-5370-42B7-9F2A-6E01E062041A}.Debug|Any CPU.ActiveCfg = Debug|Any CPU
		{2E252E33-5370-42B7-9F2A-6E01E062041A}.Debug|Any CPU.Build.0 = Debug|Any CPU
		{2E252E33-5370-42B7-9F2A-6E01E062041A}.Release|Any CPU.ActiveCfg = Release|Any CPU
		{2E252E33-5370-42B7-9F2A-6E01E062041A}.Release|Any CPU.Build.0 = Release|Any CPU
	EndGlobalSection
	GlobalSection(SolutionProperties) = preSolution
		HideSolutionNode = FALSE
	EndGlobalSection
	GlobalSection(ExtensibilityGlobals) = postSolution
		SolutionGuid = {71F8F3AE-AC79-4ADE-8591-E4337D45CCE7}
	EndGlobalSection
EndGlobal
