
Microsoft Visual Studio Solution File, Format Version 12.00
# Visual Studio Version 17
VisualStudioVersion = 17.13.35825.156 d17.13
MinimumVisualStudioVersion = 10.0.40219.1
Project("{F2A71F9B-5D33-465A-A702-920D77279786}") = "Lab1", "Lab1.fsproj", "{02B8361A-3CF9-409C-A3B3-57CF6DED3A04}"
EndProject
Global
	GlobalSection(SolutionConfigurationPlatforms) = preSolution
		Debug|Any CPU = Debug|Any CPU
		Release|Any CPU = Release|Any CPU
	EndGlobalSection
	GlobalSection(ProjectConfigurationPlatforms) = postSolution
		{02B8361A-3CF9-409C-A3B3-57CF6DED3A04}.Debug|Any CPU.ActiveCfg = Debug|Any CPU
		{02B8361A-3CF9-409C-A3B3-57CF6DED3A04}.Debug|Any CPU.Build.0 = Debug|Any CPU
		{02B8361A-3CF9-409C-A3B3-57CF6DED3A04}.Release|Any CPU.ActiveCfg = Release|Any CPU
		{02B8361A-3CF9-409C-A3B3-57CF6DED3A04}.Release|Any CPU.Build.0 = Release|Any CPU
	EndGlobalSection
	GlobalSection(SolutionProperties) = preSolution
		HideSolutionNode = FALSE
	EndGlobalSection
	GlobalSection(ExtensibilityGlobals) = postSolution
		SolutionGuid = {5B2EF7B9-84BF-4CC0-972F-EBDC4F99C8B9}
	EndGlobalSection
EndGlobal
