
Microsoft Visual Studio Solution File, Format Version 12.00
# Visual Studio Version 17
VisualStudioVersion = 17.14.36109.1 d17.14
MinimumVisualStudioVersion = 10.0.40219.1
Project("{F2A71F9B-5D33-465A-A702-920D77279786}") = "Lab2", "Lab2\Lab2.fsproj", "{9A4D5BBF-5166-4D05-B101-0FA135F4AF5E}"
EndProject
Global
	GlobalSection(SolutionConfigurationPlatforms) = preSolution
		Debug|Any CPU = Debug|Any CPU
		Release|Any CPU = Release|Any CPU
	EndGlobalSection
	GlobalSection(ProjectConfigurationPlatforms) = postSolution
		{9A4D5BBF-5166-4D05-B101-0FA135F4AF5E}.Debug|Any CPU.ActiveCfg = Debug|Any CPU
		{9A4D5BBF-5166-4D05-B101-0FA135F4AF5E}.Debug|Any CPU.Build.0 = Debug|Any CPU
		{9A4D5BBF-5166-4D05-B101-0FA135F4AF5E}.Release|Any CPU.ActiveCfg = Release|Any CPU
		{9A4D5BBF-5166-4D05-B101-0FA135F4AF5E}.Release|Any CPU.Build.0 = Release|Any CPU
	EndGlobalSection
	GlobalSection(SolutionProperties) = preSolution
		HideSolutionNode = FALSE
	EndGlobalSection
	GlobalSection(ExtensibilityGlobals) = postSolution
		SolutionGuid = {1AB1D8C2-1481-4E21-AC75-06EA66EF9CBC}
	EndGlobalSection
EndGlobal
