
Microsoft Visual Studio Solution File, Format Version 12.00
# Visual Studio Version 17
VisualStudioVersion = 17.14.36109.1 d17.14
MinimumVisualStudioVersion = 10.0.40219.1
Project("{F2A71F9B-5D33-465A-A702-920D77279786}") = "Lab5", "Lab5\Lab5.fsproj", "{1D0120B8-9972-40E9-911A-7F000C27FE5D}"
EndProject
Global
	GlobalSection(SolutionConfigurationPlatforms) = preSolution
		Debug|Any CPU = Debug|Any CPU
		Release|Any CPU = Release|Any CPU
	EndGlobalSection
	GlobalSection(ProjectConfigurationPlatforms) = postSolution
		{1D0120B8-9972-40E9-911A-7F000C27FE5D}.Debug|Any CPU.ActiveCfg = Debug|Any CPU
		{1D0120B8-9972-40E9-911A-7F000C27FE5D}.Debug|Any CPU.Build.0 = Debug|Any CPU
		{1D0120B8-9972-40E9-911A-7F000C27FE5D}.Release|Any CPU.ActiveCfg = Release|Any CPU
		{1D0120B8-9972-40E9-911A-7F000C27FE5D}.Release|Any CPU.Build.0 = Release|Any CPU
	EndGlobalSection
	GlobalSection(SolutionProperties) = preSolution
		HideSolutionNode = FALSE
	EndGlobalSection
	GlobalSection(ExtensibilityGlobals) = postSolution
		SolutionGuid = {C5E330A0-8A5E-47EC-AB2E-B40268C33CA3}
	EndGlobalSection
EndGlobal
